// !$*UTF8*$!
{
	archiveVersion = 1;
	classes = {
	};
	objectVersion = 77;
	objects = {

/* Begin PBXBuildFile section */
		115067BF5D9A677E1EE88E30 /* RecordButton.swift in Sources */ = {isa = PBXBuildFile; fileRef = B94676E424D7CDFF2C9F294D /* RecordButton.swift */; };
		3F9A9517579A17E85168B838 /* Assets.xcassets in Resources */ = {isa = PBXBuildFile; fileRef = FDA75A6B919557551529869C /* Assets.xcassets */; };
		4659C906D7612E699B7A89E1 /* TranscriptList.swift in Sources */ = {isa = PBXBuildFile; fileRef = AC7B2107A87A901ABC42B95C /* TranscriptList.swift */; };
		492CD85FEFD1FF8F5FE8BFF8 /* PermissionBanner.swift in Sources */ = {isa = PBXBuildFile; fileRef = 30F70DF05A95F4CAACF552E3 /* PermissionBanner.swift */; };
		4FF22C86A32DA5DBE109C812 /* ContentView.swift in Sources */ = {isa = PBXBuildFile; fileRef = A147AE87F015A8AEE08AB427 /* ContentView.swift */; };
		561B319C5F57C617BA9EBA19 /* TinyAudio in Frameworks */ = {isa = PBXBuildFile; productRef = E6B3A09CA0794E7E8CE04379 /* TinyAudio */; };
		5B06DD38DB32C6D241571164 /* EmptyState.swift in Sources */ = {isa = PBXBuildFile; fileRef = D8E61FE375FE5809797C5B8B /* EmptyState.swift */; };
		5C0289EC3FA2EFA272AD3CB3 /* iOSContentView.swift in Sources */ = {isa = PBXBuildFile; fileRef = A1618D1C39F83FA2CE4A7DBA /* iOSContentView.swift */; };
		5D5BAB3C48B07A794E1DF05B /* TranscriberViewModel.swift in Sources */ = {isa = PBXBuildFile; fileRef = 18A058EBDA9AB9A7E56FD0AA /* TranscriberViewModel.swift */; };
		692D8E9BDACD32D273791831 /* PermissionBanner.swift in Sources */ = {isa = PBXBuildFile; fileRef = 30F70DF05A95F4CAACF552E3 /* PermissionBanner.swift */; };
		6A072EDF09802159CFF096E2 /* TranscriptBubble.swift in Sources */ = {isa = PBXBuildFile; fileRef = 2E94F9648F007E18506B4C63 /* TranscriptBubble.swift */; };
		6ED6A56EE507C5566E0567BF /* Assets.xcassets in Resources */ = {isa = PBXBuildFile; fileRef = FDA75A6B919557551529869C /* Assets.xcassets */; };
		782FB7B7C54C3DC4AAB68C81 /* iOSContentView.swift in Sources */ = {isa = PBXBuildFile; fileRef = A1618D1C39F83FA2CE4A7DBA /* iOSContentView.swift */; };
		A1476B57DA7A4FAD326B77E5 /* TinyAudio in Frameworks */ = {isa = PBXBuildFile; productRef = F60BA45127593874814237D7 /* TinyAudio */; };
		A20A6790E9711D62A1344444 /* MacContentView.swift in Sources */ = {isa = PBXBuildFile; fileRef = 9A8A5D5C81CA6CC56150FC84 /* MacContentView.swift */; };
		A4C722A657A8B1DEE275DA00 /* TranscriptList.swift in Sources */ = {isa = PBXBuildFile; fileRef = AC7B2107A87A901ABC42B95C /* TranscriptList.swift */; };
		AC443ED75A16E12EF99EB3E4 /* MacContentView.swift in Sources */ = {isa = PBXBuildFile; fileRef = 9A8A5D5C81CA6CC56150FC84 /* MacContentView.swift */; };
		B8CD054B924E89BDE8209491 /* TranscriptBubble.swift in Sources */ = {isa = PBXBuildFile; fileRef = 2E94F9648F007E18506B4C63 /* TranscriptBubble.swift */; };
		C43A377978175DA0CA165693 /* TinyAudioDemoApp.swift in Sources */ = {isa = PBXBuildFile; fileRef = 7736B12DD1701506D7A1D042 /* TinyAudioDemoApp.swift */; };
		E13C27E11C3B59A1E016A757 /* TranscriberViewModel.swift in Sources */ = {isa = PBXBuildFile; fileRef = 18A058EBDA9AB9A7E56FD0AA /* TranscriberViewModel.swift */; };
		E81E763C0C926A5E848049DA /* ContentView.swift in Sources */ = {isa = PBXBuildFile; fileRef = A147AE87F015A8AEE08AB427 /* ContentView.swift */; };
		F1EE66D7B01749839716E88A /* TinyAudioDemoApp.swift in Sources */ = {isa = PBXBuildFile; fileRef = 7736B12DD1701506D7A1D042 /* TinyAudioDemoApp.swift */; };
		F4F33B042202404B722B6A0D /* EmptyState.swift in Sources */ = {isa = PBXBuildFile; fileRef = D8E61FE375FE5809797C5B8B /* EmptyState.swift */; };
		FF2B98CB18D4B5840F5658F1 /* RecordButton.swift in Sources */ = {isa = PBXBuildFile; fileRef = B94676E424D7CDFF2C9F294D /* RecordButton.swift */; };
/* End PBXBuildFile section */

/* Begin PBXFileReference section */
		18A058EBDA9AB9A7E56FD0AA /* TranscriberViewModel.swift */ = {isa = PBXFileReference; lastKnownFileType = sourcecode.swift; path = TranscriberViewModel.swift; sourceTree = "<group>"; };
		2E94F9648F007E18506B4C63 /* TranscriptBubble.swift */ = {isa = PBXFileReference; lastKnownFileType = sourcecode.swift; path = TranscriptBubble.swift; sourceTree = "<group>"; };
		30F70DF05A95F4CAACF552E3 /* PermissionBanner.swift */ = {isa = PBXFileReference; lastKnownFileType = sourcecode.swift; path = PermissionBanner.swift; sourceTree = "<group>"; };
		7736B12DD1701506D7A1D042 /* TinyAudioDemoApp.swift */ = {isa = PBXFileReference; lastKnownFileType = sourcecode.swift; path = TinyAudioDemoApp.swift; sourceTree = "<group>"; };
		80D927AD9C9F4A38DA0BFF87 /* swift */ = {isa = PBXFileReference; lastKnownFileType = folder; name = swift; path = ../..; sourceTree = SOURCE_ROOT; };
		9A8A5D5C81CA6CC56150FC84 /* MacContentView.swift */ = {isa = PBXFileReference; lastKnownFileType = sourcecode.swift; path = MacContentView.swift; sourceTree = "<group>"; };
		A147AE87F015A8AEE08AB427 /* ContentView.swift */ = {isa = PBXFileReference; lastKnownFileType = sourcecode.swift; path = ContentView.swift; sourceTree = "<group>"; };
		A1618D1C39F83FA2CE4A7DBA /* iOSContentView.swift */ = {isa = PBXFileReference; lastKnownFileType = sourcecode.swift; path = iOSContentView.swift; sourceTree = "<group>"; };
		AC7B2107A87A901ABC42B95C /* TranscriptList.swift */ = {isa = PBXFileReference; lastKnownFileType = sourcecode.swift; path = TranscriptList.swift; sourceTree = "<group>"; };
		B94676E424D7CDFF2C9F294D /* RecordButton.swift */ = {isa = PBXFileReference; lastKnownFileType = sourcecode.swift; path = RecordButton.swift; sourceTree = "<group>"; };
		D8E61FE375FE5809797C5B8B /* EmptyState.swift */ = {isa = PBXFileReference; lastKnownFileType = sourcecode.swift; path = EmptyState.swift; sourceTree = "<group>"; };
		D91ABB055ED7C7A019BBB126 /* TinyAudioDemo.app */ = {isa = PBXFileReference; explicitFileType = wrapper.application; includeInIndex = 0; path = TinyAudioDemo.app; sourceTree = BUILT_PRODUCTS_DIR; };
		F3C50293AFEFEE71F7666B28 /* TinyAudioDemo.app */ = {isa = PBXFileReference; includeInIndex = 0; lastKnownFileType = wrapper.application; path = TinyAudioDemo.app; sourceTree = BUILT_PRODUCTS_DIR; };
		FDA75A6B919557551529869C /* Assets.xcassets */ = {isa = PBXFileReference; lastKnownFileType = folder.assetcatalog; path = Assets.xcassets; sourceTree = "<group>"; };
/* End PBXFileReference section */

/* Begin PBXFrameworksBuildPhase section */
		8944DA415968B3991937EE0B /* Frameworks */ = {
			isa = PBXFrameworksBuildPhase;
			buildActionMask = 2147483647;
			files = (
				A1476B57DA7A4FAD326B77E5 /* TinyAudio in Frameworks */,
			);
			runOnlyForDeploymentPostprocessing = 0;
		};
		FD3B241BC7C4B8738D01EB89 /* Frameworks */ = {
			isa = PBXFrameworksBuildPhase;
			buildActionMask = 2147483647;
			files = (
				561B319C5F57C617BA9EBA19 /* TinyAudio in Frameworks */,
			);
			runOnlyForDeploymentPostprocessing = 0;
		};
/* End PBXFrameworksBuildPhase section */

/* Begin PBXGroup section */
		104B1230FA0C40B880D8D24C = {
			isa = PBXGroup;
			children = (
				FDA75A6B919557551529869C /* Assets.xcassets */,
				4DAF5D779D5A9CA945F5C829 /* Packages */,
				D4477972609705E6FC81813D /* TinyAudioDemo */,
				4AFC25EFCEAEC526047E3A58 /* Products */,
			);
			sourceTree = "<group>";
		};
		2D861663B08F596D71A83B5D /* Views */ = {
			isa = PBXGroup;
			children = (
				D8E61FE375FE5809797C5B8B /* EmptyState.swift */,
				A1618D1C39F83FA2CE4A7DBA /* iOSContentView.swift */,
				9A8A5D5C81CA6CC56150FC84 /* MacContentView.swift */,
				30F70DF05A95F4CAACF552E3 /* PermissionBanner.swift */,
				B94676E424D7CDFF2C9F294D /* RecordButton.swift */,
				2E94F9648F007E18506B4C63 /* TranscriptBubble.swift */,
				AC7B2107A87A901ABC42B95C /* TranscriptList.swift */,
			);
			path = Views;
			sourceTree = "<group>";
		};
		4AFC25EFCEAEC526047E3A58 /* Products */ = {
			isa = PBXGroup;
			children = (
				F3C50293AFEFEE71F7666B28 /* TinyAudioDemo.app */,
				D91ABB055ED7C7A019BBB126 /* TinyAudioDemo.app */,
			);
			name = Products;
			sourceTree = "<group>";
		};
		4DAF5D779D5A9CA945F5C829 /* Packages */ = {
			isa = PBXGroup;
			children = (
				80D927AD9C9F4A38DA0BFF87 /* swift */,
			);
			name = Packages;
			sourceTree = "<group>";
		};
		D4477972609705E6FC81813D /* TinyAudioDemo */ = {
			isa = PBXGroup;
			children = (
				A147AE87F015A8AEE08AB427 /* ContentView.swift */,
				7736B12DD1701506D7A1D042 /* TinyAudioDemoApp.swift */,
				18A058EBDA9AB9A7E56FD0AA /* TranscriberViewModel.swift */,
				2D861663B08F596D71A83B5D /* Views */,
			);
			name = TinyAudioDemo;
			path = Sources/TinyAudioDemo;
			sourceTree = "<group>";
		};
/* End PBXGroup section */

/* Begin PBXNativeTarget section */
		6E2B201909AD5DD8F69F8ABC /* TinyAudioDemo_iOS */ = {
			isa = PBXNativeTarget;
			buildConfigurationList = B5B35579F7DDD9F0D9D1314D /* Build configuration list for PBXNativeTarget "TinyAudioDemo_iOS" */;
			buildPhases = (
				FE1FFBBA14BC349B5D094C51 /* Sources */,
				7E5624E23B9E31E684DB34EA /* Resources */,
				8944DA415968B3991937EE0B /* Frameworks */,
			);
			buildRules = (
			);
			dependencies = (
			);
			name = TinyAudioDemo_iOS;
			packageProductDependencies = (
				F60BA45127593874814237D7 /* TinyAudio */,
			);
			productName = TinyAudioDemo_iOS;
			productReference = F3C50293AFEFEE71F7666B28 /* TinyAudioDemo.app */;
			productType = "com.apple.product-type.application";
		};
		E0C1BFC5D418FEBF294F6FB0 /* TinyAudioDemo_macOS */ = {
			isa = PBXNativeTarget;
			buildConfigurationList = D59111D2DD9334848C9AB679 /* Build configuration list for PBXNativeTarget "TinyAudioDemo_macOS" */;
			buildPhases = (
				C69EEF7DBC8FF850572641D3 /* Sources */,
				52D33BF8BD55E9282EDA1EAD /* Resources */,
				FD3B241BC7C4B8738D01EB89 /* Frameworks */,
			);
			buildRules = (
			);
			dependencies = (
			);
			name = TinyAudioDemo_macOS;
			packageProductDependencies = (
				E6B3A09CA0794E7E8CE04379 /* TinyAudio */,
			);
			productName = TinyAudioDemo_macOS;
			productReference = D91ABB055ED7C7A019BBB126 /* TinyAudioDemo.app */;
			productType = "com.apple.product-type.application";
		};
/* End PBXNativeTarget section */

/* Begin PBXProject section */
		8DEF5F4A0FD6F91393FA6ED1 /* Project object */ = {
			isa = PBXProject;
			attributes = {
				BuildIndependentTargetsInParallel = YES;
				LastUpgradeCheck = 1430;
				TargetAttributes = {
					6E2B201909AD5DD8F69F8ABC = {
						DevelopmentTeam = "";
						ProvisioningStyle = Automatic;
					};
					E0C1BFC5D418FEBF294F6FB0 = {
						DevelopmentTeam = "";
						ProvisioningStyle = Automatic;
					};
				};
			};
			buildConfigurationList = 898AE91177B0FEF6AD98C549 /* Build configuration list for PBXProject "TinyAudioDemo" */;
			developmentRegion = en;
			hasScannedForEncodings = 0;
			knownRegions = (
				Base,
				en,
			);
			mainGroup = 104B1230FA0C40B880D8D24C;
			minimizedProjectReferenceProxies = 1;
			packageReferences = (
				ACCCD617D3CDAFF2E1CAD2D7 /* XCLocalSwiftPackageReference "../.." */,
			);
			preferredProjectObjectVersion = 77;
			productRefGroup = 4AFC25EFCEAEC526047E3A58 /* Products */;
			projectDirPath = "";
			projectRoot = "";
			targets = (
				6E2B201909AD5DD8F69F8ABC /* TinyAudioDemo_iOS */,
				E0C1BFC5D418FEBF294F6FB0 /* TinyAudioDemo_macOS */,
			);
		};
/* End PBXProject section */

/* Begin PBXResourcesBuildPhase section */
		52D33BF8BD55E9282EDA1EAD /* Resources */ = {
			isa = PBXResourcesBuildPhase;
			buildActionMask = 2147483647;
			files = (
				6ED6A56EE507C5566E0567BF /* Assets.xcassets in Resources */,
			);
			runOnlyForDeploymentPostprocessing = 0;
		};
		7E5624E23B9E31E684DB34EA /* Resources */ = {
			isa = PBXResourcesBuildPhase;
			buildActionMask = 2147483647;
			files = (
				3F9A9517579A17E85168B838 /* Assets.xcassets in Resources */,
			);
			runOnlyForDeploymentPostprocessing = 0;
		};
/* End PBXResourcesBuildPhase section */

/* Begin PBXSourcesBuildPhase section */
		C69EEF7DBC8FF850572641D3 /* Sources */ = {
			isa = PBXSourcesBuildPhase;
			buildActionMask = 2147483647;
			files = (
				4FF22C86A32DA5DBE109C812 /* ContentView.swift in Sources */,
				F4F33B042202404B722B6A0D /* EmptyState.swift in Sources */,
				AC443ED75A16E12EF99EB3E4 /* MacContentView.swift in Sources */,
				492CD85FEFD1FF8F5FE8BFF8 /* PermissionBanner.swift in Sources */,
				115067BF5D9A677E1EE88E30 /* RecordButton.swift in Sources */,
				F1EE66D7B01749839716E88A /* TinyAudioDemoApp.swift in Sources */,
				5D5BAB3C48B07A794E1DF05B /* TranscriberViewModel.swift in Sources */,
				B8CD054B924E89BDE8209491 /* TranscriptBubble.swift in Sources */,
				A4C722A657A8B1DEE275DA00 /* TranscriptList.swift in Sources */,
				5C0289EC3FA2EFA272AD3CB3 /* iOSContentView.swift in Sources */,
			);
			runOnlyForDeploymentPostprocessing = 0;
		};
		FE1FFBBA14BC349B5D094C51 /* Sources */ = {
			isa = PBXSourcesBuildPhase;
			buildActionMask = 2147483647;
			files = (
				E81E763C0C926A5E848049DA /* ContentView.swift in Sources */,
				5B06DD38DB32C6D241571164 /* EmptyState.swift in Sources */,
				A20A6790E9711D62A1344444 /* MacContentView.swift in Sources */,
				692D8E9BDACD32D273791831 /* PermissionBanner.swift in Sources */,
				FF2B98CB18D4B5840F5658F1 /* RecordButton.swift in Sources */,
				C43A377978175DA0CA165693 /* TinyAudioDemoApp.swift in Sources */,
				E13C27E11C3B59A1E016A757 /* TranscriberViewModel.swift in Sources */,
				6A072EDF09802159CFF096E2 /* TranscriptBubble.swift in Sources */,
				4659C906D7612E699B7A89E1 /* TranscriptList.swift in Sources */,
				782FB7B7C54C3DC4AAB68C81 /* iOSContentView.swift in Sources */,
			);
			runOnlyForDeploymentPostprocessing = 0;
		};
/* End PBXSourcesBuildPhase section */

/* Begin XCBuildConfiguration section */
		1823EA5001455AE439739ABD /* Release */ = {
			isa = XCBuildConfiguration;
			buildSettings = {
				ASSETCATALOG_COMPILER_APPICON_NAME = AppIcon;
				ASSETCATALOG_COMPILER_GLOBAL_ACCENT_COLOR_NAME = AccentColor;
				CODE_SIGN_STYLE = Automatic;
				COMBINE_HIDPI_IMAGES = YES;
				DEVELOPMENT_TEAM = "";
				INFOPLIST_FILE = Info.plist;
				IPHONEOS_DEPLOYMENT_TARGET = 17.0;
				LD_RUNPATH_SEARCH_PATHS = (
					"$(inherited)",
					"@executable_path/../Frameworks",
				);
				MACOSX_DEPLOYMENT_TARGET = 14.0;
				PRODUCT_BUNDLE_IDENTIFIER = com.tinyaudio.demo;
				PRODUCT_NAME = TinyAudioDemo;
				SDKROOT = macosx;
				SWIFT_VERSION = 6.0;
				TARGETED_DEVICE_FAMILY = "1,2";
			};
			name = Release;
		};
		67FEE39534A5346E35EB248C /* Debug */ = {
			isa = XCBuildConfiguration;
			buildSettings = {
				ASSETCATALOG_COMPILER_APPICON_NAME = AppIcon;
				ASSETCATALOG_COMPILER_GLOBAL_ACCENT_COLOR_NAME = AccentColor;
				CODE_SIGN_STYLE = Automatic;
				COMBINE_HIDPI_IMAGES = YES;
				DEVELOPMENT_TEAM = "";
				INFOPLIST_FILE = Info.plist;
				IPHONEOS_DEPLOYMENT_TARGET = 17.0;
				LD_RUNPATH_SEARCH_PATHS = (
					"$(inherited)",
					"@executable_path/../Frameworks",
				);
				MACOSX_DEPLOYMENT_TARGET = 14.0;
				PRODUCT_BUNDLE_IDENTIFIER = com.tinyaudio.demo;
				PRODUCT_NAME = TinyAudioDemo;
				SDKROOT = macosx;
				SWIFT_VERSION = 6.0;
				TARGETED_DEVICE_FAMILY = "1,2";
			};
			name = Debug;
		};
		6834A386BDDB4A3D2B140D5F /* Release */ = {
			isa = XCBuildConfiguration;
			buildSettings = {
				ALWAYS_SEARCH_USER_PATHS = NO;
				CLANG_ANALYZER_NONNULL = YES;
				CLANG_ANALYZER_NUMBER_OBJECT_CONVERSION = YES_AGGRESSIVE;
				CLANG_CXX_LANGUAGE_STANDARD = "gnu++14";
				CLANG_CXX_LIBRARY = "libc++";
				CLANG_ENABLE_MODULES = YES;
				CLANG_ENABLE_OBJC_ARC = YES;
				CLANG_ENABLE_OBJC_WEAK = YES;
				CLANG_WARN_BLOCK_CAPTURE_AUTORELEASING = YES;
				CLANG_WARN_BOOL_CONVERSION = YES;
				CLANG_WARN_COMMA = YES;
				CLANG_WARN_CONSTANT_CONVERSION = YES;
				CLANG_WARN_DEPRECATED_OBJC_IMPLEMENTATIONS = YES;
				CLANG_WARN_DIRECT_OBJC_ISA_USAGE = YES_ERROR;
				CLANG_WARN_DOCUMENTATION_COMMENTS = YES;
				CLANG_WARN_EMPTY_BODY = YES;
				CLANG_WARN_ENUM_CONVERSION = YES;
				CLANG_WARN_INFINITE_RECURSION = YES;
				CLANG_WARN_INT_CONVERSION = YES;
				CLANG_WARN_NON_LITERAL_NULL_CONVERSION = YES;
				CLANG_WARN_OBJC_IMPLICIT_RETAIN_SELF = YES;
				CLANG_WARN_OBJC_LITERAL_CONVERSION = YES;
				CLANG_WARN_OBJC_ROOT_CLASS = YES_ERROR;
				CLANG_WARN_QUOTED_INCLUDE_IN_FRAMEWORK_HEADER = YES;
				CLANG_WARN_RANGE_LOOP_ANALYSIS = YES;
				CLANG_WARN_STRICT_PROTOTYPES = YES;
				CLANG_WARN_SUSPICIOUS_MOVE = YES;
				CLANG_WARN_UNGUARDED_AVAILABILITY = YES_AGGRESSIVE;
				CLANG_WARN_UNREACHABLE_CODE = YES;
				CLANG_WARN__DUPLICATE_METHOD_MATCH = YES;
				COPY_PHASE_STRIP = NO;
				DEBUG_INFORMATION_FORMAT = "dwarf-with-dsym";
				ENABLE_NS_ASSERTIONS = NO;
				ENABLE_STRICT_OBJC_MSGSEND = YES;
				GCC_C_LANGUAGE_STANDARD = gnu11;
				GCC_NO_COMMON_BLOCKS = YES;
				GCC_WARN_64_TO_32_BIT_CONVERSION = YES;
				GCC_WARN_ABOUT_RETURN_TYPE = YES_ERROR;
				GCC_WARN_UNDECLARED_SELECTOR = YES;
				GCC_WARN_UNINITIALIZED_AUTOS = YES_AGGRESSIVE;
				GCC_WARN_UNUSED_FUNCTION = YES;
				GCC_WARN_UNUSED_VARIABLE = YES;
				IPHONEOS_DEPLOYMENT_TARGET = 17.0;
				MACOSX_DEPLOYMENT_TARGET = 14.0;
				MTL_ENABLE_DEBUG_INFO = NO;
				MTL_FAST_MATH = YES;
				PRODUCT_NAME = "$(TARGET_NAME)";
				SWIFT_COMPILATION_MODE = wholemodule;
				SWIFT_OPTIMIZATION_LEVEL = "-O";
				SWIFT_VERSION = 5.0;
			};
			name = Release;
		};
		7FC512D141D7F41BCE651110 /* Release */ = {
			isa = XCBuildConfiguration;
			buildSettings = {
				ASSETCATALOG_COMPILER_APPICON_NAME = AppIcon;
				ASSETCATALOG_COMPILER_GLOBAL_ACCENT_COLOR_NAME = AccentColor;
				CODE_SIGN_IDENTITY = "iPhone Developer";
				CODE_SIGN_STYLE = Automatic;
				DEVELOPMENT_TEAM = "";
				INFOPLIST_FILE = Info.plist;
				IPHONEOS_DEPLOYMENT_TARGET = 17.0;
				LD_RUNPATH_SEARCH_PATHS = (
					"$(inherited)",
					"@executable_path/Frameworks",
				);
				MACOSX_DEPLOYMENT_TARGET = 14.0;
				PRODUCT_BUNDLE_IDENTIFIER = com.tinyaudio.demo;
				PRODUCT_NAME = TinyAudioDemo;
				SDKROOT = iphoneos;
				SWIFT_VERSION = 6.0;
				TARGETED_DEVICE_FAMILY = "1,2";
			};
			name = Release;
		};
		A1941B15D9F37695892BB297 /* Debug */ = {
			isa = XCBuildConfiguration;
			buildSettings = {
				ALWAYS_SEARCH_USER_PATHS = NO;
				CLANG_ANALYZER_NONNULL = YES;
				CLANG_ANALYZER_NUMBER_OBJECT_CONVERSION = YES_AGGRESSIVE;
				CLANG_CXX_LANGUAGE_STANDARD = "gnu++14";
				CLANG_CXX_LIBRARY = "libc++";
				CLANG_ENABLE_MODULES = YES;
				CLANG_ENABLE_OBJC_ARC = YES;
				CLANG_ENABLE_OBJC_WEAK = YES;
				CLANG_WARN_BLOCK_CAPTURE_AUTORELEASING = YES;
				CLANG_WARN_BOOL_CONVERSION = YES;
				CLANG_WARN_COMMA = YES;
				CLANG_WARN_CONSTANT_CONVERSION = YES;
				CLANG_WARN_DEPRECATED_OBJC_IMPLEMENTATIONS = YES;
				CLANG_WARN_DIRECT_OBJC_ISA_USAGE = YES_ERROR;
				CLANG_WARN_DOCUMENTATION_COMMENTS = YES;
				CLANG_WARN_EMPTY_BODY = YES;
				CLANG_WARN_ENUM_CONVERSION = YES;
				CLANG_WARN_INFINITE_RECURSION = YES;
				CLANG_WARN_INT_CONVERSION = YES;
				CLANG_WARN_NON_LITERAL_NULL_CONVERSION = YES;
				CLANG_WARN_OBJC_IMPLICIT_RETAIN_SELF = YES;
				CLANG_WARN_OBJC_LITERAL_CONVERSION = YES;
				CLANG_WARN_OBJC_ROOT_CLASS = YES_ERROR;
				CLANG_WARN_QUOTED_INCLUDE_IN_FRAMEWORK_HEADER = YES;
				CLANG_WARN_RANGE_LOOP_ANALYSIS = YES;
				CLANG_WARN_STRICT_PROTOTYPES = YES;
				CLANG_WARN_SUSPICIOUS_MOVE = YES;
				CLANG_WARN_UNGUARDED_AVAILABILITY = YES_AGGRESSIVE;
				CLANG_WARN_UNREACHABLE_CODE = YES;
				CLANG_WARN__DUPLICATE_METHOD_MATCH = YES;
				COPY_PHASE_STRIP = NO;
				DEBUG_INFORMATION_FORMAT = dwarf;
				ENABLE_STRICT_OBJC_MSGSEND = YES;
				ENABLE_TESTABILITY = YES;
				GCC_C_LANGUAGE_STANDARD = gnu11;
				GCC_DYNAMIC_NO_PIC = NO;
				GCC_NO_COMMON_BLOCKS = YES;
				GCC_OPTIMIZATION_LEVEL = 0;
				GCC_PREPROCESSOR_DEFINITIONS = (
					"$(inherited)",
					"DEBUG=1",
				);
				GCC_WARN_64_TO_32_BIT_CONVERSION = YES;
				GCC_WARN_ABOUT_RETURN_TYPE = YES_ERROR;
				GCC_WARN_UNDECLARED_SELECTOR = YES;
				GCC_WARN_UNINITIALIZED_AUTOS = YES_AGGRESSIVE;
				GCC_WARN_UNUSED_FUNCTION = YES;
				GCC_WARN_UNUSED_VARIABLE = YES;
				IPHONEOS_DEPLOYMENT_TARGET = 17.0;
				MACOSX_DEPLOYMENT_TARGET = 14.0;
				MTL_ENABLE_DEBUG_INFO = INCLUDE_SOURCE;
				MTL_FAST_MATH = YES;
				ONLY_ACTIVE_ARCH = YES;
				PRODUCT_NAME = "$(TARGET_NAME)";
				SWIFT_ACTIVE_COMPILATION_CONDITIONS = DEBUG;
				SWIFT_OPTIMIZATION_LEVEL = "-Onone";
				SWIFT_VERSION = 5.0;
			};
			name = Debug;
		};
		AE12C62035971A26DD6C7027 /* Debug */ = {
			isa = XCBuildConfiguration;
			buildSettings = {
				ASSETCATALOG_COMPILER_APPICON_NAME = AppIcon;
				ASSETCATALOG_COMPILER_GLOBAL_ACCENT_COLOR_NAME = AccentColor;
				CODE_SIGN_IDENTITY = "iPhone Developer";
				CODE_SIGN_STYLE = Automatic;
				DEVELOPMENT_TEAM = "";
				INFOPLIST_FILE = Info.plist;
				IPHONEOS_DEPLOYMENT_TARGET = 17.0;
				LD_RUNPATH_SEARCH_PATHS = (
					"$(inherited)",
					"@executable_path/Frameworks",
				);
				MACOSX_DEPLOYMENT_TARGET = 14.0;
				PRODUCT_BUNDLE_IDENTIFIER = com.tinyaudio.demo;
				PRODUCT_NAME = TinyAudioDemo;
				SDKROOT = iphoneos;
				SWIFT_VERSION = 6.0;
				TARGETED_DEVICE_FAMILY = "1,2";
			};
			name = Debug;
		};
/* End XCBuildConfiguration section */

/* Begin XCConfigurationList section */
		898AE91177B0FEF6AD98C549 /* Build configuration list for PBXProject "TinyAudioDemo" */ = {
			isa = XCConfigurationList;
			buildConfigurations = (
				A1941B15D9F37695892BB297 /* Debug */,
				6834A386BDDB4A3D2B140D5F /* Release */,
			);
			defaultConfigurationIsVisible = 0;
			defaultConfigurationName = Debug;
		};
		B5B35579F7DDD9F0D9D1314D /* Build configuration list for PBXNativeTarget "TinyAudioDemo_iOS" */ = {
			isa = XCConfigurationList;
			buildConfigurations = (
				AE12C62035971A26DD6C7027 /* Debug */,
				7FC512D141D7F41BCE651110 /* Release */,
			);
			defaultConfigurationIsVisible = 0;
			defaultConfigurationName = Debug;
		};
		D59111D2DD9334848C9AB679 /* Build configuration list for PBXNativeTarget "TinyAudioDemo_macOS" */ = {
			isa = XCConfigurationList;
			buildConfigurations = (
				67FEE39534A5346E35EB248C /* Debug */,
				1823EA5001455AE439739ABD /* Release */,
			);
			defaultConfigurationIsVisible = 0;
			defaultConfigurationName = Debug;
		};
/* End XCConfigurationList section */

/* Begin XCLocalSwiftPackageReference section */
		ACCCD617D3CDAFF2E1CAD2D7 /* XCLocalSwiftPackageReference "../.." */ = {
			isa = XCLocalSwiftPackageReference;
			relativePath = ../..;
		};
/* End XCLocalSwiftPackageReference section */

/* Begin XCSwiftPackageProductDependency section */
		E6B3A09CA0794E7E8CE04379 /* TinyAudio */ = {
			isa = XCSwiftPackageProductDependency;
			productName = TinyAudio;
		};
		F60BA45127593874814237D7 /* TinyAudio */ = {
			isa = XCSwiftPackageProductDependency;
			productName = TinyAudio;
		};
/* End XCSwiftPackageProductDependency section */
	};
	rootObject = 8DEF5F4A0FD6F91393FA6ED1 /* Project object */;
}
